
Microsoft Visual Studio Solution File, Format Version 12.00
# Visual Studio Version 16
VisualStudioVersion = 16.0.31829.152
MinimumVisualStudioVersion = 10.0.40219.1
Project("{FAE04EC0-301F-11D3-BF4B-00C04F79EFBC}") = "PROG6212POE", "PROG6212POE\PROG6212POE.csproj", "{E80BB240-AD63-4D88-95D6-9CA56322F23A}"
EndProject
Global
	GlobalSection(SolutionConfigurationPlatforms) = preSolution
		Debug|Any CPU = Debug|Any CPU
		Release|Any CPU = Release|Any CPU
	EndGlobalSection
	GlobalSection(ProjectConfigurationPlatforms) = postSolution
		{E80BB240-AD63-4D88-95D6-9CA56322F23A}.Debug|Any CPU.ActiveCfg = Debug|Any CPU
		{E80BB240-AD63-4D88-95D6-9CA56322F23A}.Debug|Any CPU.Build.0 = Debug|Any CPU
		{E80BB240-AD63-4D88-95D6-9CA56322F23A}.Release|Any CPU.ActiveCfg = Release|Any CPU
		{E80BB240-AD63-4D88-95D6-9CA56322F23A}.Release|Any CPU.Build.0 = Release|Any CPU
	EndGlobalSection
	GlobalSection(SolutionProperties) = preSolution
		HideSolutionNode = FALSE
	EndGlobalSection
	GlobalSection(ExtensibilityGlobals) = postSolution
		SolutionGuid = {68A41ABF-FD1A-433C-B928-FE1A757EADBC}
	EndGlobalSection
EndGlobal
